// !$*UTF8*$!
{
	archiveVersion = 1;
	classes = {
	};
	objectVersion = 56;
	objects = {

/* Begin PBXBuildFile section */
		522BA9C72AC30B260041834E /* ByteBridgeApp.swift in Sources */ = {isa = PBXBuildFile; fileRef = 522BA9C62AC30B260041834E /* ByteBridgeApp.swift */; };
		522BA9C92AC30B260041834E /* ContentView.swift in Sources */ = {isa = PBXBuildFile; fileRef = 522BA9C82AC30B260041834E /* ContentView.swift */; };
		522BA9CB2AC30B270041834E /* Assets.xcassets in Resources */ = {isa = PBXBuildFile; fileRef = 522BA9CA2AC30B270041834E /* Assets.xcassets */; };
		522BA9CE2AC30B270041834E /* Preview Assets.xcassets in Resources */ = {isa = PBXBuildFile; fileRef = 522BA9CD2AC30B270041834E /* Preview Assets.xcassets */; };
		5239870D2AC6220C00889B9C /* Colors.xcassets in Resources */ = {isa = PBXBuildFile; fileRef = 5239870C2AC6220C00889B9C /* Colors.xcassets */; };
		F9F891692AEA8E1C0056FE50 /* BTDevice.swift in Sources */ = {isa = PBXBuildFile; fileRef = F9F891682AEA8E1C0056FE50 /* BTDevice.swift */; };
		F9F8916B2AEA8E3C0056FE50 /* BTCharacteristic.swift in Sources */ = {isa = PBXBuildFile; fileRef = F9F8916A2AEA8E3C0056FE50 /* BTCharacteristic.swift */; };
		F9F8916D2AEA8E4C0056FE50 /* Widget.swift in Sources */ = {isa = PBXBuildFile; fileRef = F9F8916C2AEA8E4C0056FE50 /* Widget.swift */; };
		F9F891712AEA8E800056FE50 /* DashboardViewModel.swift in Sources */ = {isa = PBXBuildFile; fileRef = F9F891702AEA8E800056FE50 /* DashboardViewModel.swift */; };
		F9F891732AEA8E960056FE50 /* SettingsViewModel.swift in Sources */ = {isa = PBXBuildFile; fileRef = F9F891722AEA8E960056FE50 /* SettingsViewModel.swift */; };
		F9F891782AEA8EF30056FE50 /* DevicesView.swift in Sources */ = {isa = PBXBuildFile; fileRef = F9F891772AEA8EF30056FE50 /* DevicesView.swift */; };
		F9F8917A2AEA8F240056FE50 /* DeviceDetailsView.swift in Sources */ = {isa = PBXBuildFile; fileRef = F9F891792AEA8F240056FE50 /* DeviceDetailsView.swift */; };
		F9F8917D2AEA8F6B0056FE50 /* DashboardView.swift in Sources */ = {isa = PBXBuildFile; fileRef = F9F8917C2AEA8F6B0056FE50 /* DashboardView.swift */; };
		F9F8917F2AEA8F7C0056FE50 /* WidgetView.swift in Sources */ = {isa = PBXBuildFile; fileRef = F9F8917E2AEA8F7C0056FE50 /* WidgetView.swift */; };
		F9F891812AEA8F970056FE50 /* DialView.swift in Sources */ = {isa = PBXBuildFile; fileRef = F9F891802AEA8F970056FE50 /* DialView.swift */; };
		F9F891842AEA8FB20056FE50 /* SettingsView.swift in Sources */ = {isa = PBXBuildFile; fileRef = F9F891832AEA8FB20056FE50 /* SettingsView.swift */; };
		F9F891862AEA91DE0056FE50 /* BluetoothService.swift in Sources */ = {isa = PBXBuildFile; fileRef = F9F891852AEA91DE0056FE50 /* BluetoothService.swift */; };
		F9F891882AEA91EF0056FE50 /* DataService.swift in Sources */ = {isa = PBXBuildFile; fileRef = F9F891872AEA91EF0056FE50 /* DataService.swift */; };
		F9F8918A2AEAB98E0056FE50 /* BTService.swift in Sources */ = {isa = PBXBuildFile; fileRef = F9F891892AEAB98E0056FE50 /* BTService.swift */; };
		F9F8918D2AF06D210056FE50 /* DevicesController.swift in Sources */ = {isa = PBXBuildFile; fileRef = F9F8918C2AF06D210056FE50 /* DevicesController.swift */; };
		F9F8918F2AF06D620056FE50 /* DashboardController.swift in Sources */ = {isa = PBXBuildFile; fileRef = F9F8918E2AF06D620056FE50 /* DashboardController.swift */; };
		F9F891912AF06D750056FE50 /* SettingsController.swift in Sources */ = {isa = PBXBuildFile; fileRef = F9F891902AF06D750056FE50 /* SettingsController.swift */; };
/* End PBXBuildFile section */

/* Begin PBXFileReference section */
		522BA9C32AC30B260041834E /* ByteBridge.app */ = {isa = PBXFileReference; explicitFileType = wrapper.application; includeInIndex = 0; path = ByteBridge.app; sourceTree = BUILT_PRODUCTS_DIR; };
		522BA9C62AC30B260041834E /* ByteBridgeApp.swift */ = {isa = PBXFileReference; lastKnownFileType = sourcecode.swift; path = ByteBridgeApp.swift; sourceTree = "<group>"; };
		522BA9C82AC30B260041834E /* ContentView.swift */ = {isa = PBXFileReference; lastKnownFileType = sourcecode.swift; path = ContentView.swift; sourceTree = "<group>"; };
		522BA9CA2AC30B270041834E /* Assets.xcassets */ = {isa = PBXFileReference; lastKnownFileType = folder.assetcatalog; path = Assets.xcassets; sourceTree = "<group>"; };
		522BA9CD2AC30B270041834E /* Preview Assets.xcassets */ = {isa = PBXFileReference; lastKnownFileType = folder.assetcatalog; path = "Preview Assets.xcassets"; sourceTree = "<group>"; };
		5239870C2AC6220C00889B9C /* Colors.xcassets */ = {isa = PBXFileReference; lastKnownFileType = folder.assetcatalog; path = Colors.xcassets; sourceTree = "<group>"; };
		F9662EBD2ADB49510023091A /* Info.plist */ = {isa = PBXFileReference; lastKnownFileType = text.plist; path = Info.plist; sourceTree = "<group>"; };
		F9F891682AEA8E1C0056FE50 /* BTDevice.swift */ = {isa = PBXFileReference; lastKnownFileType = sourcecode.swift; path = BTDevice.swift; sourceTree = "<group>"; };
		F9F8916A2AEA8E3C0056FE50 /* BTCharacteristic.swift */ = {isa = PBXFileReference; lastKnownFileType = sourcecode.swift; path = BTCharacteristic.swift; sourceTree = "<group>"; };
		F9F8916C2AEA8E4C0056FE50 /* Widget.swift */ = {isa = PBXFileReference; lastKnownFileType = sourcecode.swift; path = Widget.swift; sourceTree = "<group>"; };
		F9F891702AEA8E800056FE50 /* DashboardViewModel.swift */ = {isa = PBXFileReference; lastKnownFileType = sourcecode.swift; path = DashboardViewModel.swift; sourceTree = "<group>"; };
		F9F891722AEA8E960056FE50 /* SettingsViewModel.swift */ = {isa = PBXFileReference; lastKnownFileType = sourcecode.swift; path = SettingsViewModel.swift; sourceTree = "<group>"; };
		F9F891772AEA8EF30056FE50 /* DevicesView.swift */ = {isa = PBXFileReference; lastKnownFileType = sourcecode.swift; path = DevicesView.swift; sourceTree = "<group>"; };
		F9F891792AEA8F240056FE50 /* DeviceDetailsView.swift */ = {isa = PBXFileReference; lastKnownFileType = sourcecode.swift; path = DeviceDetailsView.swift; sourceTree = "<group>"; };
		F9F8917C2AEA8F6B0056FE50 /* DashboardView.swift */ = {isa = PBXFileReference; lastKnownFileType = sourcecode.swift; path = DashboardView.swift; sourceTree = "<group>"; };
		F9F8917E2AEA8F7C0056FE50 /* WidgetView.swift */ = {isa = PBXFileReference; lastKnownFileType = sourcecode.swift; path = WidgetView.swift; sourceTree = "<group>"; };
		F9F891802AEA8F970056FE50 /* DialView.swift */ = {isa = PBXFileReference; lastKnownFileType = sourcecode.swift; path = DialView.swift; sourceTree = "<group>"; };
		F9F891832AEA8FB20056FE50 /* SettingsView.swift */ = {isa = PBXFileReference; lastKnownFileType = sourcecode.swift; path = SettingsView.swift; sourceTree = "<group>"; };
		F9F891852AEA91DE0056FE50 /* BluetoothService.swift */ = {isa = PBXFileReference; lastKnownFileType = sourcecode.swift; path = BluetoothService.swift; sourceTree = "<group>"; };
		F9F891872AEA91EF0056FE50 /* DataService.swift */ = {isa = PBXFileReference; lastKnownFileType = sourcecode.swift; path = DataService.swift; sourceTree = "<group>"; };
		F9F891892AEAB98E0056FE50 /* BTService.swift */ = {isa = PBXFileReference; lastKnownFileType = sourcecode.swift; path = BTService.swift; sourceTree = "<group>"; };
		F9F8918C2AF06D210056FE50 /* DevicesController.swift */ = {isa = PBXFileReference; lastKnownFileType = sourcecode.swift; path = DevicesController.swift; sourceTree = "<group>"; };
		F9F8918E2AF06D620056FE50 /* DashboardController.swift */ = {isa = PBXFileReference; lastKnownFileType = sourcecode.swift; path = DashboardController.swift; sourceTree = "<group>"; };
		F9F891902AF06D750056FE50 /* SettingsController.swift */ = {isa = PBXFileReference; lastKnownFileType = sourcecode.swift; path = SettingsController.swift; sourceTree = "<group>"; };
/* End PBXFileReference section */

/* Begin PBXFrameworksBuildPhase section */
		522BA9C02AC30B260041834E /* Frameworks */ = {
			isa = PBXFrameworksBuildPhase;
			buildActionMask = 2147483647;
			files = (
			);
			runOnlyForDeploymentPostprocessing = 0;
		};
/* End PBXFrameworksBuildPhase section */

/* Begin PBXGroup section */
		522BA9BA2AC30B250041834E = {
			isa = PBXGroup;
			children = (
				522BA9C52AC30B260041834E /* ByteBridge */,
				522BA9C42AC30B260041834E /* Products */,
			);
			sourceTree = "<group>";
		};
		522BA9C42AC30B260041834E /* Products */ = {
			isa = PBXGroup;
			children = (
				522BA9C32AC30B260041834E /* ByteBridge.app */,
			);
			name = Products;
			sourceTree = "<group>";
		};
		522BA9C52AC30B260041834E /* ByteBridge */ = {
			isa = PBXGroup;
			children = (
				F9F8918B2AEC8DBA0056FE50 /* Controllers */,
				F9F891672AEA8DDD0056FE50 /* Services */,
				F9F891662AEA8DC70056FE50 /* Views */,
				F9F891652AEA8D920056FE50 /* ViewModels */,
				F9F891642AEA8D750056FE50 /* Models */,
				F9662EBD2ADB49510023091A /* Info.plist */,
				522BA9C62AC30B260041834E /* ByteBridgeApp.swift */,
				522BA9C82AC30B260041834E /* ContentView.swift */,
				5239870C2AC6220C00889B9C /* Colors.xcassets */,
				522BA9CA2AC30B270041834E /* Assets.xcassets */,
				522BA9CC2AC30B270041834E /* Preview Content */,
			);
			path = ByteBridge;
			sourceTree = "<group>";
		};
		522BA9CC2AC30B270041834E /* Preview Content */ = {
			isa = PBXGroup;
			children = (
				522BA9CD2AC30B270041834E /* Preview Assets.xcassets */,
			);
			path = "Preview Content";
			sourceTree = "<group>";
		};
		F9F891642AEA8D750056FE50 /* Models */ = {
			isa = PBXGroup;
			children = (
				F9F891682AEA8E1C0056FE50 /* BTDevice.swift */,
				F9F8916A2AEA8E3C0056FE50 /* BTCharacteristic.swift */,
				F9F8916C2AEA8E4C0056FE50 /* Widget.swift */,
				F9F891892AEAB98E0056FE50 /* BTService.swift */,
			);
			path = Models;
			sourceTree = "<group>";
		};
		F9F891652AEA8D920056FE50 /* ViewModels */ = {
			isa = PBXGroup;
			children = (
				F9F891702AEA8E800056FE50 /* DashboardViewModel.swift */,
				F9F891722AEA8E960056FE50 /* SettingsViewModel.swift */,
			);
			path = ViewModels;
			sourceTree = "<group>";
		};
		F9F891662AEA8DC70056FE50 /* Views */ = {
			isa = PBXGroup;
			children = (
				F9F891822AEA8F9D0056FE50 /* Settings */,
				F9F8917B2AEA8F3E0056FE50 /* Dashboard */,
				F9F891742AEA8EAC0056FE50 /* Devices */,
			);
			path = Views;
			sourceTree = "<group>";
		};
		F9F891672AEA8DDD0056FE50 /* Services */ = {
			isa = PBXGroup;
			children = (
				F9F891852AEA91DE0056FE50 /* BluetoothService.swift */,
				F9F891872AEA91EF0056FE50 /* DataService.swift */,
			);
			path = Services;
			sourceTree = "<group>";
		};
		F9F891742AEA8EAC0056FE50 /* Devices */ = {
			isa = PBXGroup;
			children = (
				F9F891772AEA8EF30056FE50 /* DevicesView.swift */,
				F9F891792AEA8F240056FE50 /* DeviceDetailsView.swift */,
			);
			path = Devices;
			sourceTree = "<group>";
		};
		F9F8917B2AEA8F3E0056FE50 /* Dashboard */ = {
			isa = PBXGroup;
			children = (
				F9F8917C2AEA8F6B0056FE50 /* DashboardView.swift */,
				F9F8917E2AEA8F7C0056FE50 /* WidgetView.swift */,
				F9F891802AEA8F970056FE50 /* DialView.swift */,
			);
			path = Dashboard;
			sourceTree = "<group>";
		};
		F9F891822AEA8F9D0056FE50 /* Settings */ = {
			isa = PBXGroup;
			children = (
				F9F891832AEA8FB20056FE50 /* SettingsView.swift */,
			);
			path = Settings;
			sourceTree = "<group>";
		};
		F9F8918B2AEC8DBA0056FE50 /* Controllers */ = {
			isa = PBXGroup;
			children = (
				F9F8918C2AF06D210056FE50 /* DevicesController.swift */,
				F9F8918E2AF06D620056FE50 /* DashboardController.swift */,
				F9F891902AF06D750056FE50 /* SettingsController.swift */,
			);
			path = Controllers;
			sourceTree = "<group>";
		};
/* End PBXGroup section */

/* Begin PBXNativeTarget section */
		522BA9C22AC30B260041834E /* ByteBridge */ = {
			isa = PBXNativeTarget;
			buildConfigurationList = 522BA9D12AC30B270041834E /* Build configuration list for PBXNativeTarget "ByteBridge" */;
			buildPhases = (
				522BA9BF2AC30B260041834E /* Sources */,
				522BA9C02AC30B260041834E /* Frameworks */,
				522BA9C12AC30B260041834E /* Resources */,
			);
			buildRules = (
			);
			dependencies = (
			);
			name = ByteBridge;
			packageProductDependencies = (
			);
			productName = ByteBridge;
			productReference = 522BA9C32AC30B260041834E /* ByteBridge.app */;
			productType = "com.apple.product-type.application";
		};
/* End PBXNativeTarget section */

/* Begin PBXProject section */
		522BA9BB2AC30B250041834E /* Project object */ = {
			isa = PBXProject;
			attributes = {
				BuildIndependentTargetsInParallel = 1;
				LastSwiftUpdateCheck = 1500;
				LastUpgradeCheck = 1500;
				TargetAttributes = {
					522BA9C22AC30B260041834E = {
						CreatedOnToolsVersion = 15.0;
					};
				};
			};
			buildConfigurationList = 522BA9BE2AC30B250041834E /* Build configuration list for PBXProject "ByteBridge" */;
			compatibilityVersion = "Xcode 14.0";
			developmentRegion = en;
			hasScannedForEncodings = 0;
			knownRegions = (
				en,
				Base,
			);
			mainGroup = 522BA9BA2AC30B250041834E;
			packageReferences = (
			);
			productRefGroup = 522BA9C42AC30B260041834E /* Products */;
			projectDirPath = "";
			projectRoot = "";
			targets = (
				522BA9C22AC30B260041834E /* ByteBridge */,
			);
		};
/* End PBXProject section */

/* Begin PBXResourcesBuildPhase section */
		522BA9C12AC30B260041834E /* Resources */ = {
			isa = PBXResourcesBuildPhase;
			buildActionMask = 2147483647;
			files = (
				5239870D2AC6220C00889B9C /* Colors.xcassets in Resources */,
				522BA9CE2AC30B270041834E /* Preview Assets.xcassets in Resources */,
				522BA9CB2AC30B270041834E /* Assets.xcassets in Resources */,
			);
			runOnlyForDeploymentPostprocessing = 0;
		};
/* End PBXResourcesBuildPhase section */

/* Begin PBXSourcesBuildPhase section */
		522BA9BF2AC30B260041834E /* Sources */ = {
			isa = PBXSourcesBuildPhase;
			buildActionMask = 2147483647;
			files = (
				F9F891842AEA8FB20056FE50 /* SettingsView.swift in Sources */,
				F9F8918F2AF06D620056FE50 /* DashboardController.swift in Sources */,
				F9F8918D2AF06D210056FE50 /* DevicesController.swift in Sources */,
				F9F891692AEA8E1C0056FE50 /* BTDevice.swift in Sources */,
				F9F891782AEA8EF30056FE50 /* DevicesView.swift in Sources */,
				F9F891862AEA91DE0056FE50 /* BluetoothService.swift in Sources */,
				522BA9C92AC30B260041834E /* ContentView.swift in Sources */,
				F9F891712AEA8E800056FE50 /* DashboardViewModel.swift in Sources */,
				F9F891882AEA91EF0056FE50 /* DataService.swift in Sources */,
				F9F8917F2AEA8F7C0056FE50 /* WidgetView.swift in Sources */,
				F9F891812AEA8F970056FE50 /* DialView.swift in Sources */,
				F9F891732AEA8E960056FE50 /* SettingsViewModel.swift in Sources */,
				F9F8918A2AEAB98E0056FE50 /* BTService.swift in Sources */,
				F9F8916B2AEA8E3C0056FE50 /* BTCharacteristic.swift in Sources */,
				522BA9C72AC30B260041834E /* ByteBridgeApp.swift in Sources */,
				F9F891912AF06D750056FE50 /* SettingsController.swift in Sources */,
				F9F8917D2AEA8F6B0056FE50 /* DashboardView.swift in Sources */,
				F9F8916D2AEA8E4C0056FE50 /* Widget.swift in Sources */,
				F9F8917A2AEA8F240056FE50 /* DeviceDetailsView.swift in Sources */,
			);
			runOnlyForDeploymentPostprocessing = 0;
		};
/* End PBXSourcesBuildPhase section */

/* Begin XCBuildConfiguration section */
		522BA9CF2AC30B270041834E /* Debug */ = {
			isa = XCBuildConfiguration;
			buildSettings = {
				ALWAYS_SEARCH_USER_PATHS = NO;
				ASSETCATALOG_COMPILER_GENERATE_SWIFT_ASSET_SYMBOL_EXTENSIONS = YES;
				CLANG_ANALYZER_NONNULL = YES;
				CLANG_ANALYZER_NUMBER_OBJECT_CONVERSION = YES_AGGRESSIVE;
				CLANG_CXX_LANGUAGE_STANDARD = "gnu++20";
				CLANG_ENABLE_MODULES = YES;
				CLANG_ENABLE_OBJC_ARC = YES;
				CLANG_ENABLE_OBJC_WEAK = YES;
				CLANG_WARN_BLOCK_CAPTURE_AUTORELEASING = YES;
				CLANG_WARN_BOOL_CONVERSION = YES;
				CLANG_WARN_COMMA = YES;
				CLANG_WARN_CONSTANT_CONVERSION = YES;
				CLANG_WARN_DEPRECATED_OBJC_IMPLEMENTATIONS = YES;
				CLANG_WARN_DIRECT_OBJC_ISA_USAGE = YES_ERROR;
				CLANG_WARN_DOCUMENTATION_COMMENTS = YES;
				CLANG_WARN_EMPTY_BODY = YES;
				CLANG_WARN_ENUM_CONVERSION = YES;
				CLANG_WARN_INFINITE_RECURSION = YES;
				CLANG_WARN_INT_CONVERSION = YES;
				CLANG_WARN_NON_LITERAL_NULL_CONVERSION = YES;
				CLANG_WARN_OBJC_IMPLICIT_RETAIN_SELF = YES;
				CLANG_WARN_OBJC_LITERAL_CONVERSION = YES;
				CLANG_WARN_OBJC_ROOT_CLASS = YES_ERROR;
				CLANG_WARN_QUOTED_INCLUDE_IN_FRAMEWORK_HEADER = YES;
				CLANG_WARN_RANGE_LOOP_ANALYSIS = YES;
				CLANG_WARN_STRICT_PROTOTYPES = YES;
				CLANG_WARN_SUSPICIOUS_MOVE = YES;
				CLANG_WARN_UNGUARDED_AVAILABILITY = YES_AGGRESSIVE;
				CLANG_WARN_UNREACHABLE_CODE = YES;
				CLANG_WARN__DUPLICATE_METHOD_MATCH = YES;
				COPY_PHASE_STRIP = NO;
				DEBUG_INFORMATION_FORMAT = dwarf;
				ENABLE_STRICT_OBJC_MSGSEND = YES;
				ENABLE_TESTABILITY = YES;
				ENABLE_USER_SCRIPT_SANDBOXING = YES;
				GCC_C_LANGUAGE_STANDARD = gnu17;
				GCC_DYNAMIC_NO_PIC = NO;
				GCC_NO_COMMON_BLOCKS = YES;
				GCC_OPTIMIZATION_LEVEL = 0;
				GCC_PREPROCESSOR_DEFINITIONS = (
					"DEBUG=1",
					"$(inherited)",
				);
				GCC_WARN_64_TO_32_BIT_CONVERSION = YES;
				GCC_WARN_ABOUT_RETURN_TYPE = YES_ERROR;
				GCC_WARN_UNDECLARED_SELECTOR = YES;
				GCC_WARN_UNINITIALIZED_AUTOS = YES_AGGRESSIVE;
				GCC_WARN_UNUSED_FUNCTION = YES;
				GCC_WARN_UNUSED_VARIABLE = YES;
				IPHONEOS_DEPLOYMENT_TARGET = 17.0;
				LOCALIZATION_PREFERS_STRING_CATALOGS = YES;
				MTL_ENABLE_DEBUG_INFO = INCLUDE_SOURCE;
				MTL_FAST_MATH = YES;
				ONLY_ACTIVE_ARCH = YES;
				SDKROOT = iphoneos;
				SWIFT_ACTIVE_COMPILATION_CONDITIONS = "DEBUG $(inherited)";
				SWIFT_OPTIMIZATION_LEVEL = "-Onone";
			};
			name = Debug;
		};
		522BA9D02AC30B270041834E /* Release */ = {
			isa = XCBuildConfiguration;
			buildSettings = {
				ALWAYS_SEARCH_USER_PATHS = NO;
				ASSETCATALOG_COMPILER_GENERATE_SWIFT_ASSET_SYMBOL_EXTENSIONS = YES;
				CLANG_ANALYZER_NONNULL = YES;
				CLANG_ANALYZER_NUMBER_OBJECT_CONVERSION = YES_AGGRESSIVE;
				CLANG_CXX_LANGUAGE_STANDARD = "gnu++20";
				CLANG_ENABLE_MODULES = YES;
				CLANG_ENABLE_OBJC_ARC = YES;
				CLANG_ENABLE_OBJC_WEAK = YES;
				CLANG_WARN_BLOCK_CAPTURE_AUTORELEASING = YES;
				CLANG_WARN_BOOL_CONVERSION = YES;
				CLANG_WARN_COMMA = YES;
				CLANG_WARN_CONSTANT_CONVERSION = YES;
				CLANG_WARN_DEPRECATED_OBJC_IMPLEMENTATIONS = YES;
				CLANG_WARN_DIRECT_OBJC_ISA_USAGE = YES_ERROR;
				CLANG_WARN_DOCUMENTATION_COMMENTS = YES;
				CLANG_WARN_EMPTY_BODY = YES;
				CLANG_WARN_ENUM_CONVERSION = YES;
				CLANG_WARN_INFINITE_RECURSION = YES;
				CLANG_WARN_INT_CONVERSION = YES;
				CLANG_WARN_NON_LITERAL_NULL_CONVERSION = YES;
				CLANG_WARN_OBJC_IMPLICIT_RETAIN_SELF = YES;
				CLANG_WARN_OBJC_LITERAL_CONVERSION = YES;
				CLANG_WARN_OBJC_ROOT_CLASS = YES_ERROR;
				CLANG_WARN_QUOTED_INCLUDE_IN_FRAMEWORK_HEADER = YES;
				CLANG_WARN_RANGE_LOOP_ANALYSIS = YES;
				CLANG_WARN_STRICT_PROTOTYPES = YES;
				CLANG_WARN_SUSPICIOUS_MOVE = YES;
				CLANG_WARN_UNGUARDED_AVAILABILITY = YES_AGGRESSIVE;
				CLANG_WARN_UNREACHABLE_CODE = YES;
				CLANG_WARN__DUPLICATE_METHOD_MATCH = YES;
				COPY_PHASE_STRIP = NO;
				DEBUG_INFORMATION_FORMAT = "dwarf-with-dsym";
				ENABLE_NS_ASSERTIONS = NO;
				ENABLE_STRICT_OBJC_MSGSEND = YES;
				ENABLE_USER_SCRIPT_SANDBOXING = YES;
				GCC_C_LANGUAGE_STANDARD = gnu17;
				GCC_NO_COMMON_BLOCKS = YES;
				GCC_WARN_64_TO_32_BIT_CONVERSION = YES;
				GCC_WARN_ABOUT_RETURN_TYPE = YES_ERROR;
				GCC_WARN_UNDECLARED_SELECTOR = YES;
				GCC_WARN_UNINITIALIZED_AUTOS = YES_AGGRESSIVE;
				GCC_WARN_UNUSED_FUNCTION = YES;
				GCC_WARN_UNUSED_VARIABLE = YES;
				IPHONEOS_DEPLOYMENT_TARGET = 17.0;
				LOCALIZATION_PREFERS_STRING_CATALOGS = YES;
				MTL_ENABLE_DEBUG_INFO = NO;
				MTL_FAST_MATH = YES;
				SDKROOT = iphoneos;
				SWIFT_COMPILATION_MODE = wholemodule;
				VALIDATE_PRODUCT = YES;
			};
			name = Release;
		};
		522BA9D22AC30B270041834E /* Debug */ = {
			isa = XCBuildConfiguration;
			buildSettings = {
				ASSETCATALOG_COMPILER_APPICON_NAME = AppIcon;
				ASSETCATALOG_COMPILER_GLOBAL_ACCENT_COLOR_NAME = AccentColor;
				CODE_SIGN_IDENTITY = "Apple Development";
				CODE_SIGN_STYLE = Automatic;
				CURRENT_PROJECT_VERSION = 1;
				DEVELOPMENT_ASSET_PATHS = "\"ByteBridge/Preview Content\"";
				DEVELOPMENT_TEAM = Q7ZQ9RBJXD;
				ENABLE_PREVIEWS = YES;
				GENERATE_INFOPLIST_FILE = YES;
				INFOPLIST_FILE = ByteBridge/Info.plist;
				INFOPLIST_KEY_NSBluetoothAlwaysUsageDescription = "Needed to access devices";
				INFOPLIST_KEY_NSBluetoothPeripheralUsageDescription = "Needed to access devices";
				INFOPLIST_KEY_UIApplicationSceneManifest_Generation = YES;
				INFOPLIST_KEY_UIApplicationSupportsIndirectInputEvents = YES;
				INFOPLIST_KEY_UILaunchScreen_Generation = YES;
				INFOPLIST_KEY_UISupportedInterfaceOrientations_iPad = "UIInterfaceOrientationPortrait UIInterfaceOrientationPortraitUpsideDown UIInterfaceOrientationLandscapeLeft UIInterfaceOrientationLandscapeRight";
				INFOPLIST_KEY_UISupportedInterfaceOrientations_iPhone = "UIInterfaceOrientationPortrait UIInterfaceOrientationLandscapeLeft UIInterfaceOrientationLandscapeRight";
				LD_RUNPATH_SEARCH_PATHS = (
					"$(inherited)",
					"@executable_path/Frameworks",
				);
				MARKETING_VERSION = 1.0;
				PRODUCT_BUNDLE_IDENTIFIER = coffeewiredtech.ByteBridge;
				PRODUCT_NAME = "$(TARGET_NAME)";
				PROVISIONING_PROFILE_SPECIFIER = "";
				SWIFT_EMIT_LOC_STRINGS = YES;
				SWIFT_VERSION = 5.0;
				TARGETED_DEVICE_FAMILY = "1,2";
			};
			name = Debug;
		};
		522BA9D32AC30B270041834E /* Release */ = {
			isa = XCBuildConfiguration;
			buildSettings = {
				ASSETCATALOG_COMPILER_APPICON_NAME = AppIcon;
				ASSETCATALOG_COMPILER_GLOBAL_ACCENT_COLOR_NAME = AccentColor;
				CODE_SIGN_IDENTITY = "Apple Development";
				CODE_SIGN_STYLE = Automatic;
				CURRENT_PROJECT_VERSION = 1;
				DEVELOPMENT_ASSET_PATHS = "\"ByteBridge/Preview Content\"";
				DEVELOPMENT_TEAM = Q7ZQ9RBJXD;
				ENABLE_PREVIEWS = YES;
				GENERATE_INFOPLIST_FILE = YES;
				INFOPLIST_FILE = ByteBridge/Info.plist;
				INFOPLIST_KEY_NSBluetoothAlwaysUsageDescription = "Needed to access devices";
				INFOPLIST_KEY_NSBluetoothPeripheralUsageDescription = "Needed to access devices";
				INFOPLIST_KEY_UIApplicationSceneManifest_Generation = YES;
				INFOPLIST_KEY_UIApplicationSupportsIndirectInputEvents = YES;
				INFOPLIST_KEY_UILaunchScreen_Generation = YES;
				INFOPLIST_KEY_UISupportedInterfaceOrientations_iPad = "UIInterfaceOrientationPortrait UIInterfaceOrientationPortraitUpsideDown UIInterfaceOrientationLandscapeLeft UIInterfaceOrientationLandscapeRight";
				INFOPLIST_KEY_UISupportedInterfaceOrientations_iPhone = "UIInterfaceOrientationPortrait UIInterfaceOrientationLandscapeLeft UIInterfaceOrientationLandscapeRight";
				LD_RUNPATH_SEARCH_PATHS = (
					"$(inherited)",
					"@executable_path/Frameworks",
				);
				MARKETING_VERSION = 1.0;
				PRODUCT_BUNDLE_IDENTIFIER = coffeewiredtech.ByteBridge;
				PRODUCT_NAME = "$(TARGET_NAME)";
				PROVISIONING_PROFILE_SPECIFIER = "";
				SWIFT_EMIT_LOC_STRINGS = YES;
				SWIFT_VERSION = 5.0;
				TARGETED_DEVICE_FAMILY = "1,2";
			};
			name = Release;
		};
/* End XCBuildConfiguration section */

/* Begin XCConfigurationList section */
		522BA9BE2AC30B250041834E /* Build configuration list for PBXProject "ByteBridge" */ = {
			isa = XCConfigurationList;
			buildConfigurations = (
				522BA9CF2AC30B270041834E /* Debug */,
				522BA9D02AC30B270041834E /* Release */,
			);
			defaultConfigurationIsVisible = 0;
			defaultConfigurationName = Release;
		};
		522BA9D12AC30B270041834E /* Build configuration list for PBXNativeTarget "ByteBridge" */ = {
			isa = XCConfigurationList;
			buildConfigurations = (
				522BA9D22AC30B270041834E /* Debug */,
				522BA9D32AC30B270041834E /* Release */,
			);
			defaultConfigurationIsVisible = 0;
			defaultConfigurationName = Release;
		};
/* End XCConfigurationList section */
	};
	rootObject = 522BA9BB2AC30B250041834E /* Project object */;
}
